// !$*UTF8*$!
{
	archiveVersion = 1;
	classes = {
	};
	objectVersion = 46;
	objects = {

/* Begin PBXBuildFile section */
		73F87EDA180A40090086C99B /* Foundation.framework in Frameworks */ = {isa = PBXBuildFile; fileRef = 73F87ED9180A40090086C99B /* Foundation.framework */; };
		73F87EDC180A40090086C99B /* CoreGraphics.framework in Frameworks */ = {isa = PBXBuildFile; fileRef = 73F87EDB180A40090086C99B /* CoreGraphics.framework */; };
		73F87EDE180A40090086C99B /* UIKit.framework in Frameworks */ = {isa = PBXBuildFile; fileRef = 73F87EDD180A40090086C99B /* UIKit.framework */; };
		73F87EE0180A40090086C99B /* CoreData.framework in Frameworks */ = {isa = PBXBuildFile; fileRef = 73F87EDF180A40090086C99B /* CoreData.framework */; };
		73F87EE6180A40090086C99B /* InfoPlist.strings in Resources */ = {isa = PBXBuildFile; fileRef = 73F87EE4180A40090086C99B /* InfoPlist.strings */; };
		73F87EE8180A40090086C99B /* main.m in Sources */ = {isa = PBXBuildFile; fileRef = 73F87EE7180A40090086C99B /* main.m */; };
		73F87EEC180A40090086C99B /* FBAppDelegate.m in Sources */ = {isa = PBXBuildFile; fileRef = 73F87EEB180A40090086C99B /* FBAppDelegate.m */; };
		73F87EEF180A40090086C99B /* FitBody.xcdatamodeld in Sources */ = {isa = PBXBuildFile; fileRef = 73F87EED180A40090086C99B /* FitBody.xcdatamodeld */; };
		73F87EF1180A40090086C99B /* Images.xcassets in Resources */ = {isa = PBXBuildFile; fileRef = 73F87EF0180A40090086C99B /* Images.xcassets */; };
		73F87EF8180A40090086C99B /* XCTest.framework in Frameworks */ = {isa = PBXBuildFile; fileRef = 73F87EF7180A40090086C99B /* XCTest.framework */; };
		73F87EF9180A40090086C99B /* Foundation.framework in Frameworks */ = {isa = PBXBuildFile; fileRef = 73F87ED9180A40090086C99B /* Foundation.framework */; };
		73F87EFA180A40090086C99B /* UIKit.framework in Frameworks */ = {isa = PBXBuildFile; fileRef = 73F87EDD180A40090086C99B /* UIKit.framework */; };
		73F87EFB180A40090086C99B /* CoreData.framework in Frameworks */ = {isa = PBXBuildFile; fileRef = 73F87EDF180A40090086C99B /* CoreData.framework */; };
		73F87F03180A40090086C99B /* InfoPlist.strings in Resources */ = {isa = PBXBuildFile; fileRef = 73F87F01180A40090086C99B /* InfoPlist.strings */; };
		73F87F05180A40090086C99B /* FitBodyTests.m in Sources */ = {isa = PBXBuildFile; fileRef = 73F87F04180A40090086C99B /* FitBodyTests.m */; };
		73F87F50180A40A10086C99B /* Main.storyboard in Resources */ = {isa = PBXBuildFile; fileRef = 73F87F4F180A40A10086C99B /* Main.storyboard */; };
/* End PBXBuildFile section */

/* Begin PBXContainerItemProxy section */
		73F87EFC180A40090086C99B /* PBXContainerItemProxy */ = {
			isa = PBXContainerItemProxy;
			containerPortal = 73F87ECE180A40090086C99B /* Project object */;
			proxyType = 1;
			remoteGlobalIDString = 73F87ED5180A40090086C99B;
			remoteInfo = FitBody;
		};
/* End PBXContainerItemProxy section */

/* Begin PBXFileReference section */
		73F87ED6180A40090086C99B /* FitBody.app */ = {isa = PBXFileReference; explicitFileType = wrapper.application; includeInIndex = 0; path = FitBody.app; sourceTree = BUILT_PRODUCTS_DIR; };
		73F87ED9180A40090086C99B /* Foundation.framework */ = {isa = PBXFileReference; lastKnownFileType = wrapper.framework; name = Foundation.framework; path = System/Library/Frameworks/Foundation.framework; sourceTree = SDKROOT; };
		73F87EDB180A40090086C99B /* CoreGraphics.framework */ = {isa = PBXFileReference; lastKnownFileType = wrapper.framework; name = CoreGraphics.framework; path = System/Library/Frameworks/CoreGraphics.framework; sourceTree = SDKROOT; };
		73F87EDD180A40090086C99B /* UIKit.framework */ = {isa = PBXFileReference; lastKnownFileType = wrapper.framework; name = UIKit.framework; path = System/Library/Frameworks/UIKit.framework; sourceTree = SDKROOT; };
		73F87EDF180A40090086C99B /* CoreData.framework */ = {isa = PBXFileReference; lastKnownFileType = wrapper.framework; name = CoreData.framework; path = System/Library/Frameworks/CoreData.framework; sourceTree = SDKROOT; };
		73F87EE3180A40090086C99B /* FitBody-Info.plist */ = {isa = PBXFileReference; lastKnownFileType = text.plist.xml; path = "FitBody-Info.plist"; sourceTree = "<group>"; };
		73F87EE5180A40090086C99B /* en */ = {isa = PBXFileReference; lastKnownFileType = text.plist.strings; name = en; path = en.lproj/InfoPlist.strings; sourceTree = "<group>"; };
		73F87EE7180A40090086C99B /* main.m */ = {isa = PBXFileReference; lastKnownFileType = sourcecode.c.objc; path = main.m; sourceTree = "<group>"; };
		73F87EE9180A40090086C99B /* FitBody-Prefix.pch */ = {isa = PBXFileReference; lastKnownFileType = sourcecode.c.h; path = "FitBody-Prefix.pch"; sourceTree = "<group>"; };
		73F87EEA180A40090086C99B /* FBAppDelegate.h */ = {isa = PBXFileReference; lastKnownFileType = sourcecode.c.h; path = FBAppDelegate.h; sourceTree = "<group>"; };
		73F87EEB180A40090086C99B /* FBAppDelegate.m */ = {isa = PBXFileReference; lastKnownFileType = sourcecode.c.objc; path = FBAppDelegate.m; sourceTree = "<group>"; };
		73F87EEE180A40090086C99B /* FitBody.xcdatamodel */ = {isa = PBXFileReference; lastKnownFileType = wrapper.xcdatamodel; path = FitBody.xcdatamodel; sourceTree = "<group>"; };
		73F87EF0180A40090086C99B /* Images.xcassets */ = {isa = PBXFileReference; lastKnownFileType = folder.assetcatalog; path = Images.xcassets; sourceTree = "<group>"; };
		73F87EF6180A40090086C99B /* FitBodyTests.xctest */ = {isa = PBXFileReference; explicitFileType = wrapper.cfbundle; includeInIndex = 0; path = FitBodyTests.xctest; sourceTree = BUILT_PRODUCTS_DIR; };
		73F87EF7180A40090086C99B /* XCTest.framework */ = {isa = PBXFileReference; lastKnownFileType = wrapper.framework; name = XCTest.framework; path = Library/Frameworks/XCTest.framework; sourceTree = DEVELOPER_DIR; };
		73F87F00180A40090086C99B /* FitBodyTests-Info.plist */ = {isa = PBXFileReference; lastKnownFileType = text.plist.xml; path = "FitBodyTests-Info.plist"; sourceTree = "<group>"; };
		73F87F02180A40090086C99B /* en */ = {isa = PBXFileReference; lastKnownFileType = text.plist.strings; name = en; path = en.lproj/InfoPlist.strings; sourceTree = "<group>"; };
		73F87F04180A40090086C99B /* FitBodyTests.m */ = {isa = PBXFileReference; lastKnownFileType = sourcecode.c.objc; path = FitBodyTests.m; sourceTree = "<group>"; };
		73F87F4F180A40A10086C99B /* Main.storyboard */ = {isa = PBXFileReference; fileEncoding = 4; lastKnownFileType = file.storyboard; path = Main.storyboard; sourceTree = "<group>"; };
/* End PBXFileReference section */

/* Begin PBXFrameworksBuildPhase section */
		73F87ED3180A40090086C99B /* Frameworks */ = {
			isa = PBXFrameworksBuildPhase;
			buildActionMask = 2147483647;
			files = (
				73F87EDC180A40090086C99B /* CoreGraphics.framework in Frameworks */,
				73F87EE0180A40090086C99B /* CoreData.framework in Frameworks */,
				73F87EDE180A40090086C99B /* UIKit.framework in Frameworks */,
				73F87EDA180A40090086C99B /* Foundation.framework in Frameworks */,
			);
			runOnlyForDeploymentPostprocessing = 0;
		};
		73F87EF3180A40090086C99B /* Frameworks */ = {
			isa = PBXFrameworksBuildPhase;
			buildActionMask = 2147483647;
			files = (
				73F87EF8180A40090086C99B /* XCTest.framework in Frameworks */,
				73F87EFB180A40090086C99B /* CoreData.framework in Frameworks */,
				73F87EFA180A40090086C99B /* UIKit.framework in Frameworks */,
				73F87EF9180A40090086C99B /* Foundation.framework in Frameworks */,
			);
			runOnlyForDeploymentPostprocessing = 0;
		};
/* End PBXFrameworksBuildPhase section */

/* Begin PBXGroup section */
		73F87ECD180A40090086C99B = {
			isa = PBXGroup;
			children = (
				73F87EE1180A40090086C99B /* FitBody */,
				73F87EFE180A40090086C99B /* FitBodyTests */,
				73F87ED8180A40090086C99B /* Frameworks */,
				73F87ED7180A40090086C99B /* Products */,
			);
			sourceTree = "<group>";
		};
		73F87ED7180A40090086C99B /* Products */ = {
			isa = PBXGroup;
			children = (
				73F87ED6180A40090086C99B /* FitBody.app */,
				73F87EF6180A40090086C99B /* FitBodyTests.xctest */,
			);
			name = Products;
			sourceTree = "<group>";
		};
		73F87ED8180A40090086C99B /* Frameworks */ = {
			isa = PBXGroup;
			children = (
				73F87ED9180A40090086C99B /* Foundation.framework */,
				73F87EDB180A40090086C99B /* CoreGraphics.framework */,
				73F87EDD180A40090086C99B /* UIKit.framework */,
				73F87EDF180A40090086C99B /* CoreData.framework */,
				73F87EF7180A40090086C99B /* XCTest.framework */,
			);
			name = Frameworks;
			sourceTree = "<group>";
		};
		73F87EE1180A40090086C99B /* FitBody */ = {
			isa = PBXGroup;
			children = (
				73F87EEA180A40090086C99B /* FBAppDelegate.h */,
				73F87EEB180A40090086C99B /* FBAppDelegate.m */,
				73F87EF0180A40090086C99B /* Images.xcassets */,
				73F87EED180A40090086C99B /* FitBody.xcdatamodeld */,
				73F87F4F180A40A10086C99B /* Main.storyboard */,
				73F87EE2180A40090086C99B /* Supporting Files */,
			);
			path = FitBody;
			sourceTree = "<group>";
		};
		73F87EE2180A40090086C99B /* Supporting Files */ = {
			isa = PBXGroup;
			children = (
				73F87EE3180A40090086C99B /* FitBody-Info.plist */,
				73F87EE4180A40090086C99B /* InfoPlist.strings */,
				73F87EE7180A40090086C99B /* main.m */,
				73F87EE9180A40090086C99B /* FitBody-Prefix.pch */,
			);
			name = "Supporting Files";
			sourceTree = "<group>";
		};
		73F87EFE180A40090086C99B /* FitBodyTests */ = {
			isa = PBXGroup;
			children = (
				73F87F04180A40090086C99B /* FitBodyTests.m */,
				73F87EFF180A40090086C99B /* Supporting Files */,
			);
			path = FitBodyTests;
			sourceTree = "<group>";
		};
		73F87EFF180A40090086C99B /* Supporting Files */ = {
			isa = PBXGroup;
			children = (
				73F87F00180A40090086C99B /* FitBodyTests-Info.plist */,
				73F87F01180A40090086C99B /* InfoPlist.strings */,
			);
			name = "Supporting Files";
			sourceTree = "<group>";
		};
/* End PBXGroup section */

/* Begin PBXNativeTarget section */
		73F87ED5180A40090086C99B /* FitBody */ = {
			isa = PBXNativeTarget;
			buildConfigurationList = 73F87F08180A40090086C99B /* Build configuration list for PBXNativeTarget "FitBody" */;
			buildPhases = (
				73F87ED2180A40090086C99B /* Sources */,
				73F87ED3180A40090086C99B /* Frameworks */,
				73F87ED4180A40090086C99B /* Resources */,
			);
			buildRules = (
			);
			dependencies = (
			);
			name = FitBody;
			productName = FitBody;
			productReference = 73F87ED6180A40090086C99B /* FitBody.app */;
			productType = "com.apple.product-type.application";
		};
		73F87EF5180A40090086C99B /* FitBodyTests */ = {
			isa = PBXNativeTarget;
			buildConfigurationList = 73F87F0B180A40090086C99B /* Build configuration list for PBXNativeTarget "FitBodyTests" */;
			buildPhases = (
				73F87EF2180A40090086C99B /* Sources */,
				73F87EF3180A40090086C99B /* Frameworks */,
				73F87EF4180A40090086C99B /* Resources */,
			);
			buildRules = (
			);
			dependencies = (
				73F87EFD180A40090086C99B /* PBXTargetDependency */,
			);
			name = FitBodyTests;
			productName = FitBodyTests;
			productReference = 73F87EF6180A40090086C99B /* FitBodyTests.xctest */;
			productType = "com.apple.product-type.bundle.unit-test";
		};
/* End PBXNativeTarget section */

/* Begin PBXProject section */
		73F87ECE180A40090086C99B /* Project object */ = {
			isa = PBXProject;
			attributes = {
				CLASSPREFIX = FB;
				LastUpgradeCheck = 0500;
				ORGANIZATIONNAME = SD;
				TargetAttributes = {
					73F87EF5180A40090086C99B = {
						TestTargetID = 73F87ED5180A40090086C99B;
					};
				};
			};
			buildConfigurationList = 73F87ED1180A40090086C99B /* Build configuration list for PBXProject "FitBody" */;
			compatibilityVersion = "Xcode 3.2";
			developmentRegion = English;
			hasScannedForEncodings = 0;
			knownRegions = (
				en,
			);
			mainGroup = 73F87ECD180A40090086C99B;
			productRefGroup = 73F87ED7180A40090086C99B /* Products */;
			projectDirPath = "";
			projectRoot = "";
			targets = (
				73F87ED5180A40090086C99B /* FitBody */,
				73F87EF5180A40090086C99B /* FitBodyTests */,
			);
		};
/* End PBXProject section */

/* Begin PBXResourcesBuildPhase section */
		73F87ED4180A40090086C99B /* Resources */ = {
			isa = PBXResourcesBuildPhase;
			buildActionMask = 2147483647;
			files = (
				73F87F50180A40A10086C99B /* Main.storyboard in Resources */,
				73F87EE6180A40090086C99B /* InfoPlist.strings in Resources */,
				73F87EF1180A40090086C99B /* Images.xcassets in Resources */,
			);
			runOnlyForDeploymentPostprocessing = 0;
		};
		73F87EF4180A40090086C99B /* Resources */ = {
			isa = PBXResourcesBuildPhase;
			buildActionMask = 2147483647;
			files = (
				73F87F03180A40090086C99B /* InfoPlist.strings in Resources */,
			);
			runOnlyForDeploymentPostprocessing = 0;
		};
/* End PBXResourcesBuildPhase section */

/* Begin PBXSourcesBuildPhase section */
		73F87ED2180A40090086C99B /* Sources */ = {
			isa = PBXSourcesBuildPhase;
			buildActionMask = 2147483647;
			files = (
				73F87EEC180A40090086C99B /* FBAppDelegate.m in Sources */,
				73F87EEF180A40090086C99B /* FitBody.xcdatamodeld in Sources */,
				73F87EE8180A40090086C99B /* main.m in Sources */,
			);
			runOnlyForDeploymentPostprocessing = 0;
		};
		73F87EF2180A40090086C99B /* Sources */ = {
			isa = PBXSourcesBuildPhase;
			buildActionMask = 2147483647;
			files = (
				73F87F05180A40090086C99B /* FitBodyTests.m in Sources */,
			);
			runOnlyForDeploymentPostprocessing = 0;
		};
/* End PBXSourcesBuildPhase section */

/* Begin PBXTargetDependency section */
		73F87EFD180A40090086C99B /* PBXTargetDependency */ = {
			isa = PBXTargetDependency;
			target = 73F87ED5180A40090086C99B /* FitBody */;
			targetProxy = 73F87EFC180A40090086C99B /* PBXContainerItemProxy */;
		};
/* End PBXTargetDependency section */

/* Begin PBXVariantGroup section */
		73F87EE4180A40090086C99B /* InfoPlist.strings */ = {
			isa = PBXVariantGroup;
			children = (
				73F87EE5180A40090086C99B /* en */,
			);
			name = InfoPlist.strings;
			sourceTree = "<group>";
		};
		73F87F01180A40090086C99B /* InfoPlist.strings */ = {
			isa = PBXVariantGroup;
			children = (
				73F87F02180A40090086C99B /* en */,
			);
			name = InfoPlist.strings;
			sourceTree = "<group>";
		};
/* End PBXVariantGroup section */

/* Begin XCBuildConfiguration section */
		73F87F06180A40090086C99B /* Debug */ = {
			isa = XCBuildConfiguration;
			buildSettings = {
				ALWAYS_SEARCH_USER_PATHS = NO;
				ARCHS = "$(ARCHS_STANDARD_INCLUDING_64_BIT)";
				CLANG_CXX_LANGUAGE_STANDARD = "gnu++0x";
				CLANG_CXX_LIBRARY = "libc++";
				CLANG_ENABLE_MODULES = YES;
				CLANG_ENABLE_OBJC_ARC = YES;
				CLANG_WARN_BOOL_CONVERSION = YES;
				CLANG_WARN_CONSTANT_CONVERSION = YES;
				CLANG_WARN_DIRECT_OBJC_ISA_USAGE = YES_ERROR;
				CLANG_WARN_EMPTY_BODY = YES;
				CLANG_WARN_ENUM_CONVERSION = YES;
				CLANG_WARN_INT_CONVERSION = YES;
				CLANG_WARN_OBJC_ROOT_CLASS = YES_ERROR;
				CLANG_WARN__DUPLICATE_METHOD_MATCH = YES;
				"CODE_SIGN_IDENTITY[sdk=iphoneos*]" = "iPhone Developer";
				COPY_PHASE_STRIP = NO;
				GCC_C_LANGUAGE_STANDARD = gnu99;
				GCC_DYNAMIC_NO_PIC = NO;
				GCC_OPTIMIZATION_LEVEL = 0;
				GCC_PREPROCESSOR_DEFINITIONS = (
					"DEBUG=1",
					"$(inherited)",
				);
				GCC_SYMBOLS_PRIVATE_EXTERN = NO;
				GCC_WARN_64_TO_32_BIT_CONVERSION = YES;
				GCC_WARN_ABOUT_RETURN_TYPE = YES_ERROR;
				GCC_WARN_UNDECLARED_SELECTOR = YES;
				GCC_WARN_UNINITIALIZED_AUTOS = YES;
				GCC_WARN_UNUSED_FUNCTION = YES;
				GCC_WARN_UNUSED_VARIABLE = YES;
				IPHONEOS_DEPLOYMENT_TARGET = 7.0;
				ONLY_ACTIVE_ARCH = YES;
				SDKROOT = iphoneos;
			};
			name = Debug;
		};
		73F87F07180A40090086C99B /* Release */ = {
			isa = XCBuildConfiguration;
			buildSettings = {
				ALWAYS_SEARCH_USER_PATHS = NO;
				ARCHS = "$(ARCHS_STANDARD_INCLUDING_64_BIT)";
				CLANG_CXX_LANGUAGE_STANDARD = "gnu++0x";
				CLANG_CXX_LIBRARY = "libc++";
				CLANG_ENABLE_MODULES = YES;
				CLANG_ENABLE_OBJC_ARC = YES;
				CLANG_WARN_BOOL_CONVERSION = YES;
				CLANG_WARN_CONSTANT_CONVERSION = YES;
				CLANG_WARN_DIRECT_OBJC_ISA_USAGE = YES_ERROR;
				CLANG_WARN_EMPTY_BODY = YES;
				CLANG_WARN_ENUM_CONVERSION = YES;
				CLANG_WARN_INT_CONVERSION = YES;
				CLANG_WARN_OBJC_ROOT_CLASS = YES_ERROR;
				CLANG_WARN__DUPLICATE_METHOD_MATCH = YES;
				"CODE_SIGN_IDENTITY[sdk=iphoneos*]" = "iPhone Developer";
				COPY_PHASE_STRIP = YES;
				ENABLE_NS_ASSERTIONS = NO;
				GCC_C_LANGUAGE_STANDARD = gnu99;
				GCC_WARN_64_TO_32_BIT_CONVERSION = YES;
				GCC_WARN_ABOUT_RETURN_TYPE = YES_ERROR;
				GCC_WARN_UNDECLARED_SELECTOR = YES;
				GCC_WARN_UNINITIALIZED_AUTOS = YES;
				GCC_WARN_UNUSED_FUNCTION = YES;
				GCC_WARN_UNUSED_VARIABLE = YES;
				IPHONEOS_DEPLOYMENT_TARGET = 7.0;
				SDKROOT = iphoneos;
				VALIDATE_PRODUCT = YES;
			};
			name = Release;
		};
		73F87F09180A40090086C99B /* Debug */ = {
			isa = XCBuildConfiguration;
			buildSettings = {
				ASSETCATALOG_COMPILER_APPICON_NAME = AppIcon;
				ASSETCATALOG_COMPILER_LAUNCHIMAGE_NAME = LaunchImage;
				GCC_PRECOMPILE_PREFIX_HEADER = YES;
				GCC_PREFIX_HEADER = "FitBody/FitBody-Prefix.pch";
				INFOPLIST_FILE = "FitBody/FitBody-Info.plist";
				PRODUCT_NAME = "$(TARGET_NAME)";
				WRAPPER_EXTENSION = app;
			};
			name = Debug;
		};
		73F87F0A180A40090086C99B /* Release */ = {
			isa = XCBuildConfiguration;
			buildSettings = {
				ASSETCATALOG_COMPILER_APPICON_NAME = AppIcon;
				ASSETCATALOG_COMPILER_LAUNCHIMAGE_NAME = LaunchImage;
				GCC_PRECOMPILE_PREFIX_HEADER = YES;
				GCC_PREFIX_HEADER = "FitBody/FitBody-Prefix.pch";
				INFOPLIST_FILE = "FitBody/FitBody-Info.plist";
				PRODUCT_NAME = "$(TARGET_NAME)";
				WRAPPER_EXTENSION = app;
			};
			name = Release;
		};
		73F87F0C180A40090086C99B /* Debug */ = {
			isa = XCBuildConfiguration;
			buildSettings = {
				ARCHS = "$(ARCHS_STANDARD_INCLUDING_64_BIT)";
				BUNDLE_LOADER = "$(BUILT_PRODUCTS_DIR)/FitBody.app/FitBody";
				FRAMEWORK_SEARCH_PATHS = (
					"$(SDKROOT)/Developer/Library/Frameworks",
					"$(inherited)",
					"$(DEVELOPER_FRAMEWORKS_DIR)",
				);
				GCC_PRECOMPILE_PREFIX_HEADER = YES;
				GCC_PREFIX_HEADER = "FitBody/FitBody-Prefix.pch";
				GCC_PREPROCESSOR_DEFINITIONS = (
					"DEBUG=1",
					"$(inherited)",
				);
				INFOPLIST_FILE = "FitBodyTests/FitBodyTests-Info.plist";
				PRODUCT_NAME = "$(TARGET_NAME)";
				TEST_HOST = "$(BUNDLE_LOADER)";
				WRAPPER_EXTENSION = xctest;
			};
			name = Debug;
		};
		73F87F0D180A40090086C99B /* Release */ = {
			isa = XCBuildConfiguration;
			buildSettings = {
				ARCHS = "$(ARCHS_STANDARD_INCLUDING_64_BIT)";
				BUNDLE_LOADER = "$(BUILT_PRODUCTS_DIR)/FitBody.app/FitBody";
				FRAMEWORK_SEARCH_PATHS = (
					"$(SDKROOT)/Developer/Library/Frameworks",
					"$(inherited)",
					"$(DEVELOPER_FRAMEWORKS_DIR)",
				);
				GCC_PRECOMPILE_PREFIX_HEADER = YES;
				GCC_PREFIX_HEADER = "FitBody/FitBody-Prefix.pch";
				INFOPLIST_FILE = "FitBodyTests/FitBodyTests-Info.plist";
				PRODUCT_NAME = "$(TARGET_NAME)";
				TEST_HOST = "$(BUNDLE_LOADER)";
				WRAPPER_EXTENSION = xctest;
			};
			name = Release;
		};
/* End XCBuildConfiguration section */

/* Begin XCConfigurationList section */
		73F87ED1180A40090086C99B /* Build configuration list for PBXProject "FitBody" */ = {
			isa = XCConfigurationList;
			buildConfigurations = (
				73F87F06180A40090086C99B /* Debug */,
				73F87F07180A40090086C99B /* Release */,
			);
			defaultConfigurationIsVisible = 0;
			defaultConfigurationName = Release;
		};
		73F87F08180A40090086C99B /* Build configuration list for PBXNativeTarget "FitBody" */ = {
			isa = XCConfigurationList;
			buildConfigurations = (
				73F87F09180A40090086C99B /* Debug */,
				73F87F0A180A40090086C99B /* Release */,
			);
			defaultConfigurationIsVisible = 0;
		};
		73F87F0B180A40090086C99B /* Build configuration list for PBXNativeTarget "FitBodyTests" */ = {
			isa = XCConfigurationList;
			buildConfigurations = (
				73F87F0C180A40090086C99B /* Debug */,
				73F87F0D180A40090086C99B /* Release */,
			);
			defaultConfigurationIsVisible = 0;
		};
/* End XCConfigurationList section */

/* Begin XCVersionGroup section */
		73F87EED180A40090086C99B /* FitBody.xcdatamodeld */ = {
			isa = XCVersionGroup;
			children = (
				73F87EEE180A40090086C99B /* FitBody.xcdatamodel */,
			);
			currentVersion = 73F87EEE180A40090086C99B /* FitBody.xcdatamodel */;
			path = FitBody.xcdatamodeld;
			sourceTree = "<group>";
			versionGroupType = wrapper.xcdatamodel;
		};
/* End XCVersionGroup section */
	};
	rootObject = 73F87ECE180A40090086C99B /* Project object */;
}
