<?xml version="1.0" encoding="UTF-8"?>
<!DOCTYPE plist PUBLIC "-//Apple//DTD PLIST 1.0//EN" "http://www.apple.com/DTDs/PropertyList-1.0.dtd">
<plist version="1.0">
<dict>
	<key>archiveVersion</key>
	<string>1</string>
	<key>classes</key>
	<dict/>
	<key>objectVersion</key>
	<string>46</string>
	<key>objects</key>
	<dict>
		<key>33B8010AF8A14E77B2E5EDF3</key>
		<dict>
			<key>explicitFileType</key>
			<string>archive.ar</string>
			<key>includeInIndex</key>
			<string>0</string>
			<key>isa</key>
			<string>PBXFileReference</string>
			<key>path</key>
			<string>libPods.a</string>
			<key>sourceTree</key>
			<string>BUILT_PRODUCTS_DIR</string>
		</dict>
		<key>4CE0B3A8939F44539950AED8</key>
		<dict>
			<key>fileRef</key>
			<string>33B8010AF8A14E77B2E5EDF3</string>
			<key>isa</key>
			<string>PBXBuildFile</string>
		</dict>
		<key>73651D4D180E3A620036C599</key>
		<dict>
			<key>fileEncoding</key>
			<string>4</string>
			<key>isa</key>
			<string>PBXFileReference</string>
			<key>lastKnownFileType</key>
			<string>sourcecode.c.h</string>
			<key>name</key>
			<string>FBLeftDrawerTableViewController.h</string>
			<key>path</key>
			<string>Controllers/FBLeftDrawerTableViewController.h</string>
			<key>sourceTree</key>
			<string>&lt;group&gt;</string>
		</dict>
		<key>73651D4E180E3A620036C599</key>
		<dict>
			<key>fileEncoding</key>
			<string>4</string>
			<key>isa</key>
			<string>PBXFileReference</string>
			<key>lastKnownFileType</key>
			<string>sourcecode.c.objc</string>
			<key>name</key>
			<string>FBLeftDrawerTableViewController.m</string>
			<key>path</key>
			<string>Controllers/FBLeftDrawerTableViewController.m</string>
			<key>sourceTree</key>
			<string>&lt;group&gt;</string>
		</dict>
		<key>73651D4F180E3A620036C599</key>
		<dict>
			<key>fileRef</key>
			<string>73651D4E180E3A620036C599</string>
			<key>isa</key>
			<string>PBXBuildFile</string>
		</dict>
		<key>73651D6F180F8D8D0036C599</key>
		<dict>
			<key>fileEncoding</key>
			<string>4</string>
			<key>isa</key>
			<string>PBXFileReference</string>
			<key>lastKnownFileType</key>
			<string>sourcecode.c.h</string>
			<key>name</key>
			<string>FBLibraryTableViewController.h</string>
			<key>path</key>
			<string>Controllers/FBLibraryTableViewController.h</string>
			<key>sourceTree</key>
			<string>&lt;group&gt;</string>
		</dict>
		<key>73651D70180F8D8D0036C599</key>
		<dict>
			<key>fileEncoding</key>
			<string>4</string>
			<key>isa</key>
			<string>PBXFileReference</string>
			<key>lastKnownFileType</key>
			<string>sourcecode.c.objc</string>
			<key>name</key>
			<string>FBLibraryTableViewController.m</string>
			<key>path</key>
			<string>Controllers/FBLibraryTableViewController.m</string>
			<key>sourceTree</key>
			<string>&lt;group&gt;</string>
		</dict>
		<key>73651D71180F8D8D0036C599</key>
		<dict>
			<key>fileRef</key>
			<string>73651D70180F8D8D0036C599</string>
			<key>isa</key>
			<string>PBXBuildFile</string>
		</dict>
		<key>73651D74180FA89B0036C599</key>
		<dict>
			<key>children</key>
			<array>
				<string>73651D78180FA9300036C599</string>
				<string>73651D79180FA9300036C599</string>
			</array>
			<key>isa</key>
			<string>PBXGroup</string>
			<key>name</key>
			<string>BufferedNavigationController</string>
			<key>sourceTree</key>
			<string>&lt;group&gt;</string>
		</dict>
		<key>73651D78180FA9300036C599</key>
		<dict>
			<key>fileEncoding</key>
			<string>4</string>
			<key>isa</key>
			<string>PBXFileReference</string>
			<key>lastKnownFileType</key>
			<string>sourcecode.c.h</string>
			<key>name</key>
			<string>BufferedNavigationController.h</string>
			<key>path</key>
			<string>BufferedNavigationController/BufferedNavigationController.h</string>
			<key>sourceTree</key>
			<string>&lt;group&gt;</string>
		</dict>
		<key>73651D79180FA9300036C599</key>
		<dict>
			<key>fileEncoding</key>
			<string>4</string>
			<key>isa</key>
			<string>PBXFileReference</string>
			<key>lastKnownFileType</key>
			<string>sourcecode.c.objc</string>
			<key>name</key>
			<string>BufferedNavigationController.m</string>
			<key>path</key>
			<string>BufferedNavigationController/BufferedNavigationController.m</string>
			<key>sourceTree</key>
			<string>&lt;group&gt;</string>
		</dict>
		<key>73651D7A180FA9300036C599</key>
		<dict>
			<key>fileRef</key>
			<string>73651D79180FA9300036C599</string>
			<key>isa</key>
			<string>PBXBuildFile</string>
		</dict>
		<key>7379D6DC180CF9F900D19B2E</key>
		<dict>
			<key>children</key>
			<array>
				<string>7379D6DD180CF9F900D19B2E</string>
				<string>7379D6DE180CF9F900D19B2E</string>
				<string>7379D6DF180CF9F900D19B2E</string>
				<string>7379D6E0180CF9F900D19B2E</string>
				<string>7379D6E1180CF9F900D19B2E</string>
				<string>7379D6E2180CF9F900D19B2E</string>
				<string>7379D6E3180CF9F900D19B2E</string>
				<string>7379D6E4180CF9F900D19B2E</string>
				<string>7379D6E5180CF9FA00D19B2E</string>
			</array>
			<key>isa</key>
			<string>PBXGroup</string>
			<key>path</key>
			<string>MMDrawerController</string>
			<key>sourceTree</key>
			<string>&lt;group&gt;</string>
		</dict>
		<key>7379D6DD180CF9F900D19B2E</key>
		<dict>
			<key>fileEncoding</key>
			<string>4</string>
			<key>isa</key>
			<string>PBXFileReference</string>
			<key>lastKnownFileType</key>
			<string>sourcecode.c.h</string>
			<key>path</key>
			<string>MMDrawerBarButtonItem.h</string>
			<key>sourceTree</key>
			<string>&lt;group&gt;</string>
		</dict>
		<key>7379D6DE180CF9F900D19B2E</key>
		<dict>
			<key>fileEncoding</key>
			<string>4</string>
			<key>isa</key>
			<string>PBXFileReference</string>
			<key>lastKnownFileType</key>
			<string>sourcecode.c.objc</string>
			<key>path</key>
			<string>MMDrawerBarButtonItem.m</string>
			<key>sourceTree</key>
			<string>&lt;group&gt;</string>
		</dict>
		<key>7379D6DF180CF9F900D19B2E</key>
		<dict>
			<key>fileEncoding</key>
			<string>4</string>
			<key>isa</key>
			<string>PBXFileReference</string>
			<key>lastKnownFileType</key>
			<string>sourcecode.c.h</string>
			<key>path</key>
			<string>MMDrawerController+Subclass.h</string>
			<key>sourceTree</key>
			<string>&lt;group&gt;</string>
		</dict>
		<key>7379D6E0180CF9F900D19B2E</key>
		<dict>
			<key>fileEncoding</key>
			<string>4</string>
			<key>isa</key>
			<string>PBXFileReference</string>
			<key>lastKnownFileType</key>
			<string>sourcecode.c.h</string>
			<key>path</key>
			<string>MMDrawerController.h</string>
			<key>sourceTree</key>
			<string>&lt;group&gt;</string>
		</dict>
		<key>7379D6E1180CF9F900D19B2E</key>
		<dict>
			<key>fileEncoding</key>
			<string>4</string>
			<key>isa</key>
			<string>PBXFileReference</string>
			<key>lastKnownFileType</key>
			<string>sourcecode.c.objc</string>
			<key>path</key>
			<string>MMDrawerController.m</string>
			<key>sourceTree</key>
			<string>&lt;group&gt;</string>
		</dict>
		<key>7379D6E2180CF9F900D19B2E</key>
		<dict>
			<key>fileEncoding</key>
			<string>4</string>
			<key>isa</key>
			<string>PBXFileReference</string>
			<key>lastKnownFileType</key>
			<string>sourcecode.c.h</string>
			<key>path</key>
			<string>MMDrawerVisualState.h</string>
			<key>sourceTree</key>
			<string>&lt;group&gt;</string>
		</dict>
		<key>7379D6E3180CF9F900D19B2E</key>
		<dict>
			<key>fileEncoding</key>
			<string>4</string>
			<key>isa</key>
			<string>PBXFileReference</string>
			<key>lastKnownFileType</key>
			<string>sourcecode.c.objc</string>
			<key>path</key>
			<string>MMDrawerVisualState.m</string>
			<key>sourceTree</key>
			<string>&lt;group&gt;</string>
		</dict>
		<key>7379D6E4180CF9F900D19B2E</key>
		<dict>
			<key>fileEncoding</key>
			<string>4</string>
			<key>isa</key>
			<string>PBXFileReference</string>
			<key>lastKnownFileType</key>
			<string>sourcecode.c.h</string>
			<key>path</key>
			<string>UIViewController+MMDrawerController.h</string>
			<key>sourceTree</key>
			<string>&lt;group&gt;</string>
		</dict>
		<key>7379D6E5180CF9FA00D19B2E</key>
		<dict>
			<key>fileEncoding</key>
			<string>4</string>
			<key>isa</key>
			<string>PBXFileReference</string>
			<key>lastKnownFileType</key>
			<string>sourcecode.c.objc</string>
			<key>path</key>
			<string>UIViewController+MMDrawerController.m</string>
			<key>sourceTree</key>
			<string>&lt;group&gt;</string>
		</dict>
		<key>7379D6E6180CF9FA00D19B2E</key>
		<dict>
			<key>fileRef</key>
			<string>7379D6DE180CF9F900D19B2E</string>
			<key>isa</key>
			<string>PBXBuildFile</string>
		</dict>
		<key>7379D6E7180CF9FA00D19B2E</key>
		<dict>
			<key>fileRef</key>
			<string>7379D6E1180CF9F900D19B2E</string>
			<key>isa</key>
			<string>PBXBuildFile</string>
		</dict>
		<key>7379D6E8180CF9FA00D19B2E</key>
		<dict>
			<key>fileRef</key>
			<string>7379D6E3180CF9F900D19B2E</string>
			<key>isa</key>
			<string>PBXBuildFile</string>
		</dict>
		<key>7379D6E9180CF9FA00D19B2E</key>
		<dict>
			<key>fileRef</key>
			<string>7379D6E5180CF9FA00D19B2E</string>
			<key>isa</key>
			<string>PBXBuildFile</string>
		</dict>
		<key>73F87ECD180A40090086C99B</key>
		<dict>
			<key>children</key>
			<array>
				<string>73F87EE1180A40090086C99B</string>
				<string>73F87EFE180A40090086C99B</string>
				<string>73F87ED8180A40090086C99B</string>
				<string>73F87ED7180A40090086C99B</string>
				<string>C981246DDF2A4598A5AEF536</string>
			</array>
			<key>isa</key>
			<string>PBXGroup</string>
			<key>sourceTree</key>
			<string>&lt;group&gt;</string>
		</dict>
		<key>73F87ECE180A40090086C99B</key>
		<dict>
			<key>attributes</key>
			<dict>
				<key>CLASSPREFIX</key>
				<string>FB</string>
				<key>LastUpgradeCheck</key>
				<string>0500</string>
				<key>ORGANIZATIONNAME</key>
				<string>SD</string>
				<key>TargetAttributes</key>
				<dict>
					<key>73F87EF5180A40090086C99B</key>
					<dict>
						<key>TestTargetID</key>
						<string>73F87ED5180A40090086C99B</string>
					</dict>
				</dict>
			</dict>
			<key>buildConfigurationList</key>
			<string>73F87ED1180A40090086C99B</string>
			<key>compatibilityVersion</key>
			<string>Xcode 3.2</string>
			<key>developmentRegion</key>
			<string>English</string>
			<key>hasScannedForEncodings</key>
			<string>0</string>
			<key>isa</key>
			<string>PBXProject</string>
			<key>knownRegions</key>
			<array>
				<string>en</string>
			</array>
			<key>mainGroup</key>
			<string>73F87ECD180A40090086C99B</string>
			<key>productRefGroup</key>
			<string>73F87ED7180A40090086C99B</string>
			<key>projectDirPath</key>
			<string></string>
			<key>projectReferences</key>
			<array/>
			<key>projectRoot</key>
			<string></string>
			<key>targets</key>
			<array>
				<string>73F87ED5180A40090086C99B</string>
				<string>73F87EF5180A40090086C99B</string>
			</array>
		</dict>
		<key>73F87ED1180A40090086C99B</key>
		<dict>
			<key>buildConfigurations</key>
			<array>
				<string>73F87F06180A40090086C99B</string>
				<string>73F87F07180A40090086C99B</string>
			</array>
			<key>defaultConfigurationIsVisible</key>
			<string>0</string>
			<key>defaultConfigurationName</key>
			<string>Release</string>
			<key>isa</key>
			<string>XCConfigurationList</string>
		</dict>
		<key>73F87ED2180A40090086C99B</key>
		<dict>
			<key>buildActionMask</key>
			<string>2147483647</string>
			<key>files</key>
			<array>
				<string>73F87EEC180A40090086C99B</string>
				<string>73F87F54180A41C20086C99B</string>
				<string>7379D6E6180CF9FA00D19B2E</string>
				<string>7379D6E9180CF9FA00D19B2E</string>
				<string>73F87EEF180A40090086C99B</string>
				<string>7379D6E7180CF9FA00D19B2E</string>
				<string>73F87EE8180A40090086C99B</string>
				<string>73651D71180F8D8D0036C599</string>
				<string>73651D7A180FA9300036C599</string>
				<string>73651D4F180E3A620036C599</string>
				<string>7379D6E8180CF9FA00D19B2E</string>
			</array>
			<key>isa</key>
			<string>PBXSourcesBuildPhase</string>
			<key>runOnlyForDeploymentPostprocessing</key>
			<string>0</string>
		</dict>
		<key>73F87ED3180A40090086C99B</key>
		<dict>
			<key>buildActionMask</key>
			<string>2147483647</string>
			<key>files</key>
			<array>
				<string>73F87EDC180A40090086C99B</string>
				<string>73F87EE0180A40090086C99B</string>
				<string>73F87EDE180A40090086C99B</string>
				<string>73F87EDA180A40090086C99B</string>
				<string>4CE0B3A8939F44539950AED8</string>
			</array>
			<key>isa</key>
			<string>PBXFrameworksBuildPhase</string>
			<key>runOnlyForDeploymentPostprocessing</key>
			<string>0</string>
		</dict>
		<key>73F87ED4180A40090086C99B</key>
		<dict>
			<key>buildActionMask</key>
			<string>2147483647</string>
			<key>files</key>
			<array>
				<string>73F87F50180A40A10086C99B</string>
				<string>73F87EE6180A40090086C99B</string>
				<string>73F87EF1180A40090086C99B</string>
			</array>
			<key>isa</key>
			<string>PBXResourcesBuildPhase</string>
			<key>runOnlyForDeploymentPostprocessing</key>
			<string>0</string>
		</dict>
		<key>73F87ED5180A40090086C99B</key>
		<dict>
			<key>buildConfigurationList</key>
			<string>73F87F08180A40090086C99B</string>
			<key>buildPhases</key>
			<array>
				<string>9B552E834E5D4A5ABB974A8B</string>
				<string>73F87ED2180A40090086C99B</string>
				<string>73F87ED3180A40090086C99B</string>
				<string>73F87ED4180A40090086C99B</string>
				<string>94F4CF9CF2734301A55FD748</string>
			</array>
			<key>buildRules</key>
			<array/>
			<key>dependencies</key>
			<array/>
			<key>isa</key>
			<string>PBXNativeTarget</string>
			<key>name</key>
			<string>FitBody</string>
			<key>productName</key>
			<string>FitBody</string>
			<key>productReference</key>
			<string>73F87ED6180A40090086C99B</string>
			<key>productType</key>
			<string>com.apple.product-type.application</string>
		</dict>
		<key>73F87ED6180A40090086C99B</key>
		<dict>
			<key>explicitFileType</key>
			<string>wrapper.application</string>
			<key>includeInIndex</key>
			<string>0</string>
			<key>isa</key>
			<string>PBXFileReference</string>
			<key>path</key>
			<string>FitBody.app</string>
			<key>sourceTree</key>
			<string>BUILT_PRODUCTS_DIR</string>
		</dict>
		<key>73F87ED7180A40090086C99B</key>
		<dict>
			<key>children</key>
			<array>
				<string>73F87ED6180A40090086C99B</string>
				<string>73F87EF6180A40090086C99B</string>
			</array>
			<key>isa</key>
			<string>PBXGroup</string>
			<key>name</key>
			<string>Products</string>
			<key>sourceTree</key>
			<string>&lt;group&gt;</string>
		</dict>
		<key>73F87ED8180A40090086C99B</key>
		<dict>
			<key>children</key>
			<array>
				<string>73F87ED9180A40090086C99B</string>
				<string>73F87EDB180A40090086C99B</string>
				<string>73F87EDD180A40090086C99B</string>
				<string>73F87EDF180A40090086C99B</string>
				<string>73F87EF7180A40090086C99B</string>
				<string>33B8010AF8A14E77B2E5EDF3</string>
			</array>
			<key>isa</key>
			<string>PBXGroup</string>
			<key>name</key>
			<string>Frameworks</string>
			<key>sourceTree</key>
			<string>&lt;group&gt;</string>
		</dict>
		<key>73F87ED9180A40090086C99B</key>
		<dict>
			<key>isa</key>
			<string>PBXFileReference</string>
			<key>lastKnownFileType</key>
			<string>wrapper.framework</string>
			<key>name</key>
			<string>Foundation.framework</string>
			<key>path</key>
			<string>System/Library/Frameworks/Foundation.framework</string>
			<key>sourceTree</key>
			<string>SDKROOT</string>
		</dict>
		<key>73F87EDA180A40090086C99B</key>
		<dict>
			<key>fileRef</key>
			<string>73F87ED9180A40090086C99B</string>
			<key>isa</key>
			<string>PBXBuildFile</string>
		</dict>
		<key>73F87EDB180A40090086C99B</key>
		<dict>
			<key>isa</key>
			<string>PBXFileReference</string>
			<key>lastKnownFileType</key>
			<string>wrapper.framework</string>
			<key>name</key>
			<string>CoreGraphics.framework</string>
			<key>path</key>
			<string>System/Library/Frameworks/CoreGraphics.framework</string>
			<key>sourceTree</key>
			<string>SDKROOT</string>
		</dict>
		<key>73F87EDC180A40090086C99B</key>
		<dict>
			<key>fileRef</key>
			<string>73F87EDB180A40090086C99B</string>
			<key>isa</key>
			<string>PBXBuildFile</string>
		</dict>
		<key>73F87EDD180A40090086C99B</key>
		<dict>
			<key>isa</key>
			<string>PBXFileReference</string>
			<key>lastKnownFileType</key>
			<string>wrapper.framework</string>
			<key>name</key>
			<string>UIKit.framework</string>
			<key>path</key>
			<string>System/Library/Frameworks/UIKit.framework</string>
			<key>sourceTree</key>
			<string>SDKROOT</string>
		</dict>
		<key>73F87EDE180A40090086C99B</key>
		<dict>
			<key>fileRef</key>
			<string>73F87EDD180A40090086C99B</string>
			<key>isa</key>
			<string>PBXBuildFile</string>
		</dict>
		<key>73F87EDF180A40090086C99B</key>
		<dict>
			<key>isa</key>
			<string>PBXFileReference</string>
			<key>lastKnownFileType</key>
			<string>wrapper.framework</string>
			<key>name</key>
			<string>CoreData.framework</string>
			<key>path</key>
			<string>System/Library/Frameworks/CoreData.framework</string>
			<key>sourceTree</key>
			<string>SDKROOT</string>
		</dict>
		<key>73F87EE0180A40090086C99B</key>
		<dict>
			<key>fileRef</key>
			<string>73F87EDF180A40090086C99B</string>
			<key>isa</key>
			<string>PBXBuildFile</string>
		</dict>
		<key>73F87EE1180A40090086C99B</key>
		<dict>
			<key>children</key>
			<array>
				<string>73651D74180FA89B0036C599</string>
				<string>7379D6DC180CF9F900D19B2E</string>
				<string>73F87F51180A417D0086C99B</string>
				<string>73F87EEA180A40090086C99B</string>
				<string>73F87EEB180A40090086C99B</string>
				<string>73F87EF0180A40090086C99B</string>
				<string>73F87EED180A40090086C99B</string>
				<string>73F87F4F180A40A10086C99B</string>
				<string>73F87EE2180A40090086C99B</string>
			</array>
			<key>isa</key>
			<string>PBXGroup</string>
			<key>path</key>
			<string>FitBody</string>
			<key>sourceTree</key>
			<string>&lt;group&gt;</string>
		</dict>
		<key>73F87EE2180A40090086C99B</key>
		<dict>
			<key>children</key>
			<array>
				<string>73F87EE3180A40090086C99B</string>
				<string>73F87EE4180A40090086C99B</string>
				<string>73F87EE7180A40090086C99B</string>
				<string>73F87EE9180A40090086C99B</string>
			</array>
			<key>isa</key>
			<string>PBXGroup</string>
			<key>name</key>
			<string>Supporting Files</string>
			<key>sourceTree</key>
			<string>&lt;group&gt;</string>
		</dict>
		<key>73F87EE3180A40090086C99B</key>
		<dict>
			<key>isa</key>
			<string>PBXFileReference</string>
			<key>lastKnownFileType</key>
			<string>text.plist.xml</string>
			<key>path</key>
			<string>FitBody-Info.plist</string>
			<key>sourceTree</key>
			<string>&lt;group&gt;</string>
		</dict>
		<key>73F87EE4180A40090086C99B</key>
		<dict>
			<key>children</key>
			<array>
				<string>73F87EE5180A40090086C99B</string>
			</array>
			<key>isa</key>
			<string>PBXVariantGroup</string>
			<key>name</key>
			<string>InfoPlist.strings</string>
			<key>sourceTree</key>
			<string>&lt;group&gt;</string>
		</dict>
		<key>73F87EE5180A40090086C99B</key>
		<dict>
			<key>isa</key>
			<string>PBXFileReference</string>
			<key>lastKnownFileType</key>
			<string>text.plist.strings</string>
			<key>name</key>
			<string>en</string>
			<key>path</key>
			<string>en.lproj/InfoPlist.strings</string>
			<key>sourceTree</key>
			<string>&lt;group&gt;</string>
		</dict>
		<key>73F87EE6180A40090086C99B</key>
		<dict>
			<key>fileRef</key>
			<string>73F87EE4180A40090086C99B</string>
			<key>isa</key>
			<string>PBXBuildFile</string>
		</dict>
		<key>73F87EE7180A40090086C99B</key>
		<dict>
			<key>isa</key>
			<string>PBXFileReference</string>
			<key>lastKnownFileType</key>
			<string>sourcecode.c.objc</string>
			<key>path</key>
			<string>main.m</string>
			<key>sourceTree</key>
			<string>&lt;group&gt;</string>
		</dict>
		<key>73F87EE8180A40090086C99B</key>
		<dict>
			<key>fileRef</key>
			<string>73F87EE7180A40090086C99B</string>
			<key>isa</key>
			<string>PBXBuildFile</string>
		</dict>
		<key>73F87EE9180A40090086C99B</key>
		<dict>
			<key>isa</key>
			<string>PBXFileReference</string>
			<key>lastKnownFileType</key>
			<string>sourcecode.c.h</string>
			<key>path</key>
			<string>FitBody-Prefix.pch</string>
			<key>sourceTree</key>
			<string>&lt;group&gt;</string>
		</dict>
		<key>73F87EEA180A40090086C99B</key>
		<dict>
			<key>isa</key>
			<string>PBXFileReference</string>
			<key>lastKnownFileType</key>
			<string>sourcecode.c.h</string>
			<key>path</key>
			<string>FBAppDelegate.h</string>
			<key>sourceTree</key>
			<string>&lt;group&gt;</string>
		</dict>
		<key>73F87EEB180A40090086C99B</key>
		<dict>
			<key>isa</key>
			<string>PBXFileReference</string>
			<key>lastKnownFileType</key>
			<string>sourcecode.c.objc</string>
			<key>path</key>
			<string>FBAppDelegate.m</string>
			<key>sourceTree</key>
			<string>&lt;group&gt;</string>
		</dict>
		<key>73F87EEC180A40090086C99B</key>
		<dict>
			<key>fileRef</key>
			<string>73F87EEB180A40090086C99B</string>
			<key>isa</key>
			<string>PBXBuildFile</string>
		</dict>
		<key>73F87EED180A40090086C99B</key>
		<dict>
			<key>children</key>
			<array>
				<string>73F87EEE180A40090086C99B</string>
			</array>
			<key>currentVersion</key>
			<string>73F87EEE180A40090086C99B</string>
			<key>isa</key>
			<string>XCVersionGroup</string>
			<key>path</key>
			<string>FitBody.xcdatamodeld</string>
			<key>sourceTree</key>
			<string>&lt;group&gt;</string>
			<key>versionGroupType</key>
			<string>wrapper.xcdatamodel</string>
		</dict>
		<key>73F87EEE180A40090086C99B</key>
		<dict>
			<key>isa</key>
			<string>PBXFileReference</string>
			<key>lastKnownFileType</key>
			<string>wrapper.xcdatamodel</string>
			<key>path</key>
			<string>FitBody.xcdatamodel</string>
			<key>sourceTree</key>
			<string>&lt;group&gt;</string>
		</dict>
		<key>73F87EEF180A40090086C99B</key>
		<dict>
			<key>fileRef</key>
			<string>73F87EED180A40090086C99B</string>
			<key>isa</key>
			<string>PBXBuildFile</string>
		</dict>
		<key>73F87EF0180A40090086C99B</key>
		<dict>
			<key>isa</key>
			<string>PBXFileReference</string>
			<key>lastKnownFileType</key>
			<string>folder.assetcatalog</string>
			<key>path</key>
			<string>Images.xcassets</string>
			<key>sourceTree</key>
			<string>&lt;group&gt;</string>
		</dict>
		<key>73F87EF1180A40090086C99B</key>
		<dict>
			<key>fileRef</key>
			<string>73F87EF0180A40090086C99B</string>
			<key>isa</key>
			<string>PBXBuildFile</string>
		</dict>
		<key>73F87EF2180A40090086C99B</key>
		<dict>
			<key>buildActionMask</key>
			<string>2147483647</string>
			<key>files</key>
			<array>
				<string>73F87F05180A40090086C99B</string>
			</array>
			<key>isa</key>
			<string>PBXSourcesBuildPhase</string>
			<key>runOnlyForDeploymentPostprocessing</key>
			<string>0</string>
		</dict>
		<key>73F87EF3180A40090086C99B</key>
		<dict>
			<key>buildActionMask</key>
			<string>2147483647</string>
			<key>files</key>
			<array>
				<string>73F87EF8180A40090086C99B</string>
				<string>73F87EFB180A40090086C99B</string>
				<string>73F87EFA180A40090086C99B</string>
				<string>73F87EF9180A40090086C99B</string>
			</array>
			<key>isa</key>
			<string>PBXFrameworksBuildPhase</string>
			<key>runOnlyForDeploymentPostprocessing</key>
			<string>0</string>
		</dict>
		<key>73F87EF4180A40090086C99B</key>
		<dict>
			<key>buildActionMask</key>
			<string>2147483647</string>
			<key>files</key>
			<array>
				<string>73F87F03180A40090086C99B</string>
			</array>
			<key>isa</key>
			<string>PBXResourcesBuildPhase</string>
			<key>runOnlyForDeploymentPostprocessing</key>
			<string>0</string>
		</dict>
		<key>73F87EF5180A40090086C99B</key>
		<dict>
			<key>buildConfigurationList</key>
			<string>73F87F0B180A40090086C99B</string>
			<key>buildPhases</key>
			<array>
				<string>73F87EF2180A40090086C99B</string>
				<string>73F87EF3180A40090086C99B</string>
				<string>73F87EF4180A40090086C99B</string>
			</array>
			<key>buildRules</key>
			<array/>
			<key>dependencies</key>
			<array>
				<string>73F87EFD180A40090086C99B</string>
			</array>
			<key>isa</key>
			<string>PBXNativeTarget</string>
			<key>name</key>
			<string>FitBodyTests</string>
			<key>productName</key>
			<string>FitBodyTests</string>
			<key>productReference</key>
			<string>73F87EF6180A40090086C99B</string>
			<key>productType</key>
			<string>com.apple.product-type.bundle.unit-test</string>
		</dict>
		<key>73F87EF6180A40090086C99B</key>
		<dict>
			<key>explicitFileType</key>
			<string>wrapper.cfbundle</string>
			<key>includeInIndex</key>
			<string>0</string>
			<key>isa</key>
			<string>PBXFileReference</string>
			<key>path</key>
			<string>FitBodyTests.xctest</string>
			<key>sourceTree</key>
			<string>BUILT_PRODUCTS_DIR</string>
		</dict>
		<key>73F87EF7180A40090086C99B</key>
		<dict>
			<key>isa</key>
			<string>PBXFileReference</string>
			<key>lastKnownFileType</key>
			<string>wrapper.framework</string>
			<key>name</key>
			<string>XCTest.framework</string>
			<key>path</key>
			<string>Library/Frameworks/XCTest.framework</string>
			<key>sourceTree</key>
			<string>DEVELOPER_DIR</string>
		</dict>
		<key>73F87EF8180A40090086C99B</key>
		<dict>
			<key>fileRef</key>
			<string>73F87EF7180A40090086C99B</string>
			<key>isa</key>
			<string>PBXBuildFile</string>
		</dict>
		<key>73F87EF9180A40090086C99B</key>
		<dict>
			<key>fileRef</key>
			<string>73F87ED9180A40090086C99B</string>
			<key>isa</key>
			<string>PBXBuildFile</string>
		</dict>
		<key>73F87EFA180A40090086C99B</key>
		<dict>
			<key>fileRef</key>
			<string>73F87EDD180A40090086C99B</string>
			<key>isa</key>
			<string>PBXBuildFile</string>
		</dict>
		<key>73F87EFB180A40090086C99B</key>
		<dict>
			<key>fileRef</key>
			<string>73F87EDF180A40090086C99B</string>
			<key>isa</key>
			<string>PBXBuildFile</string>
		</dict>
		<key>73F87EFC180A40090086C99B</key>
		<dict>
			<key>containerPortal</key>
			<string>73F87ECE180A40090086C99B</string>
			<key>isa</key>
			<string>PBXContainerItemProxy</string>
			<key>proxyType</key>
			<string>1</string>
			<key>remoteGlobalIDString</key>
			<string>73F87ED5180A40090086C99B</string>
			<key>remoteInfo</key>
			<string>FitBody</string>
		</dict>
		<key>73F87EFD180A40090086C99B</key>
		<dict>
			<key>isa</key>
			<string>PBXTargetDependency</string>
			<key>target</key>
			<string>73F87ED5180A40090086C99B</string>
			<key>targetProxy</key>
			<string>73F87EFC180A40090086C99B</string>
		</dict>
		<key>73F87EFE180A40090086C99B</key>
		<dict>
			<key>children</key>
			<array>
				<string>73F87F04180A40090086C99B</string>
				<string>73F87EFF180A40090086C99B</string>
			</array>
			<key>isa</key>
			<string>PBXGroup</string>
			<key>path</key>
			<string>FitBodyTests</string>
			<key>sourceTree</key>
			<string>&lt;group&gt;</string>
		</dict>
		<key>73F87EFF180A40090086C99B</key>
		<dict>
			<key>children</key>
			<array>
				<string>73F87F00180A40090086C99B</string>
				<string>73F87F01180A40090086C99B</string>
			</array>
			<key>isa</key>
			<string>PBXGroup</string>
			<key>name</key>
			<string>Supporting Files</string>
			<key>sourceTree</key>
			<string>&lt;group&gt;</string>
		</dict>
		<key>73F87F00180A40090086C99B</key>
		<dict>
			<key>isa</key>
			<string>PBXFileReference</string>
			<key>lastKnownFileType</key>
			<string>text.plist.xml</string>
			<key>path</key>
			<string>FitBodyTests-Info.plist</string>
			<key>sourceTree</key>
			<string>&lt;group&gt;</string>
		</dict>
		<key>73F87F01180A40090086C99B</key>
		<dict>
			<key>children</key>
			<array>
				<string>73F87F02180A40090086C99B</string>
			</array>
			<key>isa</key>
			<string>PBXVariantGroup</string>
			<key>name</key>
			<string>InfoPlist.strings</string>
			<key>sourceTree</key>
			<string>&lt;group&gt;</string>
		</dict>
		<key>73F87F02180A40090086C99B</key>
		<dict>
			<key>isa</key>
			<string>PBXFileReference</string>
			<key>lastKnownFileType</key>
			<string>text.plist.strings</string>
			<key>name</key>
			<string>en</string>
			<key>path</key>
			<string>en.lproj/InfoPlist.strings</string>
			<key>sourceTree</key>
			<string>&lt;group&gt;</string>
		</dict>
		<key>73F87F03180A40090086C99B</key>
		<dict>
			<key>fileRef</key>
			<string>73F87F01180A40090086C99B</string>
			<key>isa</key>
			<string>PBXBuildFile</string>
		</dict>
		<key>73F87F04180A40090086C99B</key>
		<dict>
			<key>isa</key>
			<string>PBXFileReference</string>
			<key>lastKnownFileType</key>
			<string>sourcecode.c.objc</string>
			<key>path</key>
			<string>FitBodyTests.m</string>
			<key>sourceTree</key>
			<string>&lt;group&gt;</string>
		</dict>
		<key>73F87F05180A40090086C99B</key>
		<dict>
			<key>fileRef</key>
			<string>73F87F04180A40090086C99B</string>
			<key>isa</key>
			<string>PBXBuildFile</string>
		</dict>
		<key>73F87F06180A40090086C99B</key>
		<dict>
			<key>buildSettings</key>
			<dict>
				<key>ALWAYS_SEARCH_USER_PATHS</key>
				<string>NO</string>
				<key>ARCHS</key>
				<string>$(ARCHS_STANDARD_INCLUDING_64_BIT)</string>
				<key>CLANG_CXX_LANGUAGE_STANDARD</key>
				<string>gnu++0x</string>
				<key>CLANG_CXX_LIBRARY</key>
				<string>libc++</string>
				<key>CLANG_ENABLE_MODULES</key>
				<string>YES</string>
				<key>CLANG_ENABLE_OBJC_ARC</key>
				<string>YES</string>
				<key>CLANG_WARN_BOOL_CONVERSION</key>
				<string>YES</string>
				<key>CLANG_WARN_CONSTANT_CONVERSION</key>
				<string>YES</string>
				<key>CLANG_WARN_DIRECT_OBJC_ISA_USAGE</key>
				<string>YES_ERROR</string>
				<key>CLANG_WARN_EMPTY_BODY</key>
				<string>YES</string>
				<key>CLANG_WARN_ENUM_CONVERSION</key>
				<string>YES</string>
				<key>CLANG_WARN_INT_CONVERSION</key>
				<string>YES</string>
				<key>CLANG_WARN_OBJC_ROOT_CLASS</key>
				<string>YES_ERROR</string>
				<key>CLANG_WARN__DUPLICATE_METHOD_MATCH</key>
				<string>YES</string>
				<key>CODE_SIGN_IDENTITY[sdk=iphoneos*]</key>
				<string>iPhone Developer</string>
				<key>COPY_PHASE_STRIP</key>
				<string>NO</string>
				<key>GCC_C_LANGUAGE_STANDARD</key>
				<string>gnu99</string>
				<key>GCC_DYNAMIC_NO_PIC</key>
				<string>NO</string>
				<key>GCC_OPTIMIZATION_LEVEL</key>
				<string>0</string>
				<key>GCC_PREPROCESSOR_DEFINITIONS</key>
				<array>
					<string>DEBUG=1</string>
					<string>$(inherited)</string>
				</array>
				<key>GCC_SYMBOLS_PRIVATE_EXTERN</key>
				<string>NO</string>
				<key>GCC_WARN_64_TO_32_BIT_CONVERSION</key>
				<string>YES</string>
				<key>GCC_WARN_ABOUT_RETURN_TYPE</key>
				<string>YES_ERROR</string>
				<key>GCC_WARN_UNDECLARED_SELECTOR</key>
				<string>YES</string>
				<key>GCC_WARN_UNINITIALIZED_AUTOS</key>
				<string>YES</string>
				<key>GCC_WARN_UNUSED_FUNCTION</key>
				<string>YES</string>
				<key>GCC_WARN_UNUSED_VARIABLE</key>
				<string>YES</string>
				<key>IPHONEOS_DEPLOYMENT_TARGET</key>
				<string>7.0</string>
				<key>ONLY_ACTIVE_ARCH</key>
				<string>YES</string>
				<key>SDKROOT</key>
				<string>iphoneos</string>
			</dict>
			<key>isa</key>
			<string>XCBuildConfiguration</string>
			<key>name</key>
			<string>Debug</string>
		</dict>
		<key>73F87F07180A40090086C99B</key>
		<dict>
			<key>buildSettings</key>
			<dict>
				<key>ALWAYS_SEARCH_USER_PATHS</key>
				<string>NO</string>
				<key>ARCHS</key>
				<string>$(ARCHS_STANDARD_INCLUDING_64_BIT)</string>
				<key>CLANG_CXX_LANGUAGE_STANDARD</key>
				<string>gnu++0x</string>
				<key>CLANG_CXX_LIBRARY</key>
				<string>libc++</string>
				<key>CLANG_ENABLE_MODULES</key>
				<string>YES</string>
				<key>CLANG_ENABLE_OBJC_ARC</key>
				<string>YES</string>
				<key>CLANG_WARN_BOOL_CONVERSION</key>
				<string>YES</string>
				<key>CLANG_WARN_CONSTANT_CONVERSION</key>
				<string>YES</string>
				<key>CLANG_WARN_DIRECT_OBJC_ISA_USAGE</key>
				<string>YES_ERROR</string>
				<key>CLANG_WARN_EMPTY_BODY</key>
				<string>YES</string>
				<key>CLANG_WARN_ENUM_CONVERSION</key>
				<string>YES</string>
				<key>CLANG_WARN_INT_CONVERSION</key>
				<string>YES</string>
				<key>CLANG_WARN_OBJC_ROOT_CLASS</key>
				<string>YES_ERROR</string>
				<key>CLANG_WARN__DUPLICATE_METHOD_MATCH</key>
				<string>YES</string>
				<key>CODE_SIGN_IDENTITY[sdk=iphoneos*]</key>
				<string>iPhone Developer</string>
				<key>COPY_PHASE_STRIP</key>
				<string>YES</string>
				<key>ENABLE_NS_ASSERTIONS</key>
				<string>NO</string>
				<key>GCC_C_LANGUAGE_STANDARD</key>
				<string>gnu99</string>
				<key>GCC_WARN_64_TO_32_BIT_CONVERSION</key>
				<string>YES</string>
				<key>GCC_WARN_ABOUT_RETURN_TYPE</key>
				<string>YES_ERROR</string>
				<key>GCC_WARN_UNDECLARED_SELECTOR</key>
				<string>YES</string>
				<key>GCC_WARN_UNINITIALIZED_AUTOS</key>
				<string>YES</string>
				<key>GCC_WARN_UNUSED_FUNCTION</key>
				<string>YES</string>
				<key>GCC_WARN_UNUSED_VARIABLE</key>
				<string>YES</string>
				<key>IPHONEOS_DEPLOYMENT_TARGET</key>
				<string>7.0</string>
				<key>SDKROOT</key>
				<string>iphoneos</string>
				<key>VALIDATE_PRODUCT</key>
				<string>YES</string>
			</dict>
			<key>isa</key>
			<string>XCBuildConfiguration</string>
			<key>name</key>
			<string>Release</string>
		</dict>
		<key>73F87F08180A40090086C99B</key>
		<dict>
			<key>buildConfigurations</key>
			<array>
				<string>73F87F09180A40090086C99B</string>
				<string>73F87F0A180A40090086C99B</string>
			</array>
			<key>defaultConfigurationIsVisible</key>
			<string>0</string>
			<key>defaultConfigurationName</key>
			<string>Release</string>
			<key>isa</key>
			<string>XCConfigurationList</string>
		</dict>
		<key>73F87F09180A40090086C99B</key>
		<dict>
			<key>baseConfigurationReference</key>
			<string>C981246DDF2A4598A5AEF536</string>
			<key>buildSettings</key>
			<dict>
				<key>ASSETCATALOG_COMPILER_APPICON_NAME</key>
				<string>AppIcon</string>
				<key>ASSETCATALOG_COMPILER_LAUNCHIMAGE_NAME</key>
				<string>LaunchImage</string>
				<key>GCC_PRECOMPILE_PREFIX_HEADER</key>
				<string>YES</string>
				<key>GCC_PREFIX_HEADER</key>
				<string>FitBody/FitBody-Prefix.pch</string>
				<key>INFOPLIST_FILE</key>
				<string>FitBody/FitBody-Info.plist</string>
				<key>PRODUCT_NAME</key>
				<string>$(TARGET_NAME)</string>
				<key>WRAPPER_EXTENSION</key>
				<string>app</string>
			</dict>
			<key>isa</key>
			<string>XCBuildConfiguration</string>
			<key>name</key>
			<string>Debug</string>
		</dict>
		<key>73F87F0A180A40090086C99B</key>
		<dict>
			<key>baseConfigurationReference</key>
			<string>C981246DDF2A4598A5AEF536</string>
			<key>buildSettings</key>
			<dict>
				<key>ASSETCATALOG_COMPILER_APPICON_NAME</key>
				<string>AppIcon</string>
				<key>ASSETCATALOG_COMPILER_LAUNCHIMAGE_NAME</key>
				<string>LaunchImage</string>
				<key>GCC_PRECOMPILE_PREFIX_HEADER</key>
				<string>YES</string>
				<key>GCC_PREFIX_HEADER</key>
				<string>FitBody/FitBody-Prefix.pch</string>
				<key>INFOPLIST_FILE</key>
				<string>FitBody/FitBody-Info.plist</string>
				<key>PRODUCT_NAME</key>
				<string>$(TARGET_NAME)</string>
				<key>WRAPPER_EXTENSION</key>
				<string>app</string>
			</dict>
			<key>isa</key>
			<string>XCBuildConfiguration</string>
			<key>name</key>
			<string>Release</string>
		</dict>
		<key>73F87F0B180A40090086C99B</key>
		<dict>
			<key>buildConfigurations</key>
			<array>
				<string>73F87F0C180A40090086C99B</string>
				<string>73F87F0D180A40090086C99B</string>
			</array>
			<key>defaultConfigurationIsVisible</key>
			<string>0</string>
			<key>defaultConfigurationName</key>
			<string>Release</string>
			<key>isa</key>
			<string>XCConfigurationList</string>
		</dict>
		<key>73F87F0C180A40090086C99B</key>
		<dict>
			<key>buildSettings</key>
			<dict>
				<key>ARCHS</key>
				<string>$(ARCHS_STANDARD_INCLUDING_64_BIT)</string>
				<key>BUNDLE_LOADER</key>
				<string>$(BUILT_PRODUCTS_DIR)/FitBody.app/FitBody</string>
				<key>FRAMEWORK_SEARCH_PATHS</key>
				<array>
					<string>$(SDKROOT)/Developer/Library/Frameworks</string>
					<string>$(inherited)</string>
					<string>$(DEVELOPER_FRAMEWORKS_DIR)</string>
				</array>
				<key>GCC_PRECOMPILE_PREFIX_HEADER</key>
				<string>YES</string>
				<key>GCC_PREFIX_HEADER</key>
				<string>FitBody/FitBody-Prefix.pch</string>
				<key>GCC_PREPROCESSOR_DEFINITIONS</key>
				<array>
					<string>DEBUG=1</string>
					<string>$(inherited)</string>
				</array>
				<key>INFOPLIST_FILE</key>
				<string>FitBodyTests/FitBodyTests-Info.plist</string>
				<key>PRODUCT_NAME</key>
				<string>$(TARGET_NAME)</string>
				<key>TEST_HOST</key>
				<string>$(BUNDLE_LOADER)</string>
				<key>WRAPPER_EXTENSION</key>
				<string>xctest</string>
			</dict>
			<key>isa</key>
			<string>XCBuildConfiguration</string>
			<key>name</key>
			<string>Debug</string>
		</dict>
		<key>73F87F0D180A40090086C99B</key>
		<dict>
			<key>buildSettings</key>
			<dict>
				<key>ARCHS</key>
				<string>$(ARCHS_STANDARD_INCLUDING_64_BIT)</string>
				<key>BUNDLE_LOADER</key>
				<string>$(BUILT_PRODUCTS_DIR)/FitBody.app/FitBody</string>
				<key>FRAMEWORK_SEARCH_PATHS</key>
				<array>
					<string>$(SDKROOT)/Developer/Library/Frameworks</string>
					<string>$(inherited)</string>
					<string>$(DEVELOPER_FRAMEWORKS_DIR)</string>
				</array>
				<key>GCC_PRECOMPILE_PREFIX_HEADER</key>
				<string>YES</string>
				<key>GCC_PREFIX_HEADER</key>
				<string>FitBody/FitBody-Prefix.pch</string>
				<key>INFOPLIST_FILE</key>
				<string>FitBodyTests/FitBodyTests-Info.plist</string>
				<key>PRODUCT_NAME</key>
				<string>$(TARGET_NAME)</string>
				<key>TEST_HOST</key>
				<string>$(BUNDLE_LOADER)</string>
				<key>WRAPPER_EXTENSION</key>
				<string>xctest</string>
			</dict>
			<key>isa</key>
			<string>XCBuildConfiguration</string>
			<key>name</key>
			<string>Release</string>
		</dict>
		<key>73F87F4F180A40A10086C99B</key>
		<dict>
			<key>fileEncoding</key>
			<string>4</string>
			<key>isa</key>
			<string>PBXFileReference</string>
			<key>lastKnownFileType</key>
			<string>file.storyboard</string>
			<key>path</key>
			<string>Main.storyboard</string>
			<key>sourceTree</key>
			<string>&lt;group&gt;</string>
		</dict>
		<key>73F87F50180A40A10086C99B</key>
		<dict>
			<key>fileRef</key>
			<string>73F87F4F180A40A10086C99B</string>
			<key>isa</key>
			<string>PBXBuildFile</string>
		</dict>
		<key>73F87F51180A417D0086C99B</key>
		<dict>
			<key>children</key>
			<array>
				<string>73F87F52180A41C20086C99B</string>
				<string>73F87F53180A41C20086C99B</string>
				<string>73651D4D180E3A620036C599</string>
				<string>73651D4E180E3A620036C599</string>
				<string>73651D6F180F8D8D0036C599</string>
				<string>73651D70180F8D8D0036C599</string>
			</array>
			<key>isa</key>
			<string>PBXGroup</string>
			<key>name</key>
			<string>Controllers</string>
			<key>sourceTree</key>
			<string>&lt;group&gt;</string>
		</dict>
		<key>73F87F52180A41C20086C99B</key>
		<dict>
			<key>fileEncoding</key>
			<string>4</string>
			<key>isa</key>
			<string>PBXFileReference</string>
			<key>lastKnownFileType</key>
			<string>sourcecode.c.h</string>
			<key>name</key>
			<string>FBHomeTableViewController.h</string>
			<key>path</key>
			<string>Controllers/FBHomeTableViewController.h</string>
			<key>sourceTree</key>
			<string>&lt;group&gt;</string>
		</dict>
		<key>73F87F53180A41C20086C99B</key>
		<dict>
			<key>fileEncoding</key>
			<string>4</string>
			<key>isa</key>
			<string>PBXFileReference</string>
			<key>lastKnownFileType</key>
			<string>sourcecode.c.objc</string>
			<key>name</key>
			<string>FBHomeTableViewController.m</string>
			<key>path</key>
			<string>Controllers/FBHomeTableViewController.m</string>
			<key>sourceTree</key>
			<string>&lt;group&gt;</string>
		</dict>
		<key>73F87F54180A41C20086C99B</key>
		<dict>
			<key>fileRef</key>
			<string>73F87F53180A41C20086C99B</string>
			<key>isa</key>
			<string>PBXBuildFile</string>
		</dict>
		<key>94F4CF9CF2734301A55FD748</key>
		<dict>
			<key>buildActionMask</key>
			<string>2147483647</string>
			<key>files</key>
			<array/>
			<key>inputPaths</key>
			<array/>
			<key>isa</key>
			<string>PBXShellScriptBuildPhase</string>
			<key>name</key>
			<string>Copy Pods Resources</string>
			<key>outputPaths</key>
			<array/>
			<key>runOnlyForDeploymentPostprocessing</key>
			<string>0</string>
			<key>shellPath</key>
			<string>/bin/sh</string>
			<key>shellScript</key>
			<string>"${SRCROOT}/Pods/Pods-resources.sh"
</string>
			<key>showEnvVarsInLog</key>
			<string>0</string>
		</dict>
		<key>9B552E834E5D4A5ABB974A8B</key>
		<dict>
			<key>buildActionMask</key>
			<string>2147483647</string>
			<key>files</key>
			<array/>
			<key>inputPaths</key>
			<array/>
			<key>isa</key>
			<string>PBXShellScriptBuildPhase</string>
			<key>name</key>
			<string>Check Pods Manifest.lock</string>
			<key>outputPaths</key>
			<array/>
			<key>runOnlyForDeploymentPostprocessing</key>
			<string>0</string>
			<key>shellPath</key>
			<string>/bin/sh</string>
			<key>shellScript</key>
			<string>diff "${PODS_ROOT}/../Podfile.lock" "${PODS_ROOT}/Manifest.lock" &gt; /dev/null
if [[ $? != 0 ]] ; then
    cat &lt;&lt; EOM
error: The sandbox is not in sync with the Podfile.lock. Run 'pod install' or update your CocoaPods installation.
EOM
    exit 1
fi
</string>
			<key>showEnvVarsInLog</key>
			<string>0</string>
		</dict>
		<key>C981246DDF2A4598A5AEF536</key>
		<dict>
			<key>includeInIndex</key>
			<string>1</string>
			<key>isa</key>
			<string>PBXFileReference</string>
			<key>lastKnownFileType</key>
			<string>text.xcconfig</string>
			<key>name</key>
			<string>Pods.xcconfig</string>
			<key>path</key>
			<string>Pods/Pods.xcconfig</string>
			<key>sourceTree</key>
			<string>&lt;group&gt;</string>
		</dict>
	</dict>
	<key>rootObject</key>
	<string>73F87ECE180A40090086C99B</string>
</dict>
</plist>
